
Microsoft Visual Studio Solution File, Format Version 12.00
# Visual Studio Version 16
VisualStudioVersion = 16.0.31702.278
MinimumVisualStudioVersion = 10.0.40219.1
Project("{8BC9CEB8-8B4A-11D0-8D11-00A0C91BC942}") = "bless'n'keep3", "bless'n'keep3.vcxproj", "{1250283F-3C4E-4950-8D29-E6840D256A5C}"
EndProject
Global
	GlobalSection(SolutionConfigurationPlatforms) = preSolution
		Debug|x64 = Debug|x64
		Debug|x86 = Debug|x86
		Release|x64 = Release|x64
		Release|x86 = Release|x86
	EndGlobalSection
	GlobalSection(ProjectConfigurationPlatforms) = postSolution
		{1250283F-3C4E-4950-8D29-E6840D256A5C}.Debug|x64.ActiveCfg = Debug|x64
		{1250283F-3C4E-4950-8D29-E6840D256A5C}.Debug|x64.Build.0 = Debug|x64
		{1250283F-3C4E-4950-8D29-E6840D256A5C}.Debug|x86.ActiveCfg = Debug|Win32
		{1250283F-3C4E-4950-8D29-E6840D256A5C}.Debug|x86.Build.0 = Debug|Win32
		{1250283F-3C4E-4950-8D29-E6840D256A5C}.Release|x64.ActiveCfg = Release|x64
		{1250283F-3C4E-4950-8D29-E6840D256A5C}.Release|x64.Build.0 = Release|x64
		{1250283F-3C4E-4950-8D29-E6840D256A5C}.Release|x86.ActiveCfg = Release|Win32
		{1250283F-3C4E-4950-8D29-E6840D256A5C}.Release|x86.Build.0 = Release|Win32
	EndGlobalSection
	GlobalSection(SolutionProperties) = preSolution
		HideSolutionNode = FALSE
	EndGlobalSection
	GlobalSection(ExtensibilityGlobals) = postSolution
		SolutionGuid = {CBFDD4E8-DD26-466F-B57F-4DD703E8B64F}
	EndGlobalSection
EndGlobal
